# THIS IS AN AUTOGENERATED FILE. DO NOT EDIT THIS FILE DIRECTLY.
# yarn lockfile v1


"@fortawesome/fontawesome-free@^6.2.0":
  "integrity" "sha512-CNR7qRIfCwWHNN7FnKUniva94edPdyQzil/zCwk3v6k4R6rR2Fr8i4s3PM7n/lyfPA6Zfko9z5WDzFxG9SW1uQ=="
  "resolved" "https://registry.npmjs.org/@fortawesome/fontawesome-free/-/fontawesome-free-6.2.0.tgz"
  "version" "6.2.0"

"@popperjs/core@^2.11.6", "@popperjs/core@^2.11.7", "@popperjs/core@^2.9.0":
  "integrity" "sha512-50/17A98tWUfQ176raKiOGXuYpLyyVMkxxG6oylzL3BPOlA6ADGdK7EYunSa4I064xerltq9TGXs8HmOk5E+vw=="
  "resolved" "https://registry.npmjs.org/@popperjs/core/-/core-2.11.6.tgz"
  "version" "2.11.6"

"animate.css@^4.1.1":
  "integrity" "sha512-+mRmCTv6SbCmtYJCN4faJMNFVNN5EuCTTprDTAo7YzIGji2KADmakjVA3+8mVDkZ2Bf09vayB35lSQIex2+QaQ=="
  "resolved" "https://registry.npmjs.org/animate.css/-/animate.css-4.1.1.tgz"
  "version" "4.1.1"

"bootstrap-icons@^1.9.1":
  "integrity" "sha512-d4ZkO30MIkAhQ2nNRJqKXJVEQorALGbLWTuRxyCTJF96lRIV6imcgMehWGJUiJMJhglN0o2tqLIeDnMdiQEE9g=="
  "resolved" "https://registry.npmjs.org/bootstrap-icons/-/bootstrap-icons-1.9.1.tgz"
  "version" "1.9.1"

"bootstrap-table@^1.22.1":
  "integrity" "sha512-Nw8p+BmaiMDSfoer/p49YeI3vJQAWhudxhyKMuqnJBb3NRvCRewMk7JDgiN9SQO3YeSejOirKtcdWpM0dtddWg=="
  "resolved" "https://registry.npmjs.org/bootstrap-table/-/bootstrap-table-1.22.1.tgz"
  "version" "1.22.1"

"bootstrap@^5.2.1":
  "integrity" "sha512-UnBV3E3v4STVNQdms6jSGO2CvOkjUMdDAVR2V5N4uCMdaIkaQjbcEAMqRimDHIs4uqBYzDAKCQwCB+97tJgHQw=="
  "resolved" "https://registry.npmjs.org/bootstrap/-/bootstrap-5.3.0.tgz"
  "version" "5.3.0"

"chart.js@3.9.1":
  "integrity" "sha512-Ro2JbLmvg83gXF5F4sniaQ+lTbSv18E+TIf2cOeiH1Iqd2PGFOtem+DUufMZsCJwFE7ywPOpfXFBwRTGq7dh6w=="
  "resolved" "https://registry.npmjs.org/chart.js/-/chart.js-3.9.1.tgz"
  "version" "3.9.1"

"clipboard@^2.0.11":
  "integrity" "sha512-C+0bbOqkezLIsmWSvlsXS0Q0bmkugu7jcfMIACB+RDEntIzQIkdr148we28AfSloQLRdZlYL/QYyrq05j/3Faw=="
  "resolved" "https://registry.npmjs.org/clipboard/-/clipboard-2.0.11.tgz"
  "version" "2.0.11"
  dependencies:
    "good-listener" "^1.2.2"
    "select" "^1.1.2"
    "tiny-emitter" "^2.0.0"

"delegate@^3.1.2":
  "integrity" "sha512-IofjkYBZaZivn0V8nnsMJGBr4jVLxHDheKSW88PyxS5QC4Vo9ZbZVvhzlSxY87fVq3STR6r+4cGepyHkcWOQSw=="
  "resolved" "https://registry.npmjs.org/delegate/-/delegate-3.2.0.tgz"
  "version" "3.2.0"

"fun-effects@github:davidslusser/fun-effects#cleanup":
  "resolved" "git+ssh://git@github.com/davidslusser/fun-effects.git#d24a3867a511d61abdbfc49d445ae2f86a343235"
  "version" "0.0.1"

"good-listener@^1.2.2":
  "integrity" "sha512-goW1b+d9q/HIwbVYZzZ6SsTr4IgE+WA44A0GmPIQstuOrgsFcT7VEJ48nmr9GaRtNu0XTKacFLGnBPAM6Afouw=="
  "resolved" "https://registry.npmjs.org/good-listener/-/good-listener-1.2.2.tgz"
  "version" "1.2.2"
  dependencies:
    "delegate" "^3.1.2"

"hover.css@^2.3.2":
  "integrity" "sha512-eXch700vfcoSSAcEcU154lTHBYQy2cjGT+yJZtkKWxASBBiPVkqYOdMAa0sz4cYj2YIrl1FRE2s5O4EgOaIpig=="
  "resolved" "https://registry.npmjs.org/hover.css/-/hover.css-2.3.2.tgz"
  "version" "2.3.2"

"htmx.org@1.9.6":
  "integrity" "sha512-4Zebo9nzg8u2ZHuIJmvB/nQS6kIMLIoEfhTg/oRwyCIJhL5MLA/jPU1EPEBtGOmG4ZG0k05Vpd3sab2+zfvteQ=="
  "resolved" "https://registry.npmjs.org/htmx.org/-/htmx.org-1.9.6.tgz"
  "version" "1.9.6"

"jquery@^3.6.1", "jquery@3":
  "integrity" "sha512-opJeO4nCucVnsjiXOE+/PcCgYw9Gwpvs/a6B1LL/lQhwWwpbVEVYDZ1FokFr8PRc7ghYlrFPuyHuiiDNTQxmcw=="
  "resolved" "https://registry.npmjs.org/jquery/-/jquery-3.6.1.tgz"
  "version" "3.6.1"

"mdb-ui-kit@^5.0.0":
  "integrity" "sha512-zRq6aDxjhIXHmpcHjnlXZ+rs9/e9oAf5EsbVKsf3sEf2S3ov4uecgJj3ZqxAgKJb9bnKcBTsOdDu+SdLotFa9g=="
  "resolved" "https://registry.npmjs.org/mdb-ui-kit/-/mdb-ui-kit-5.0.0.tgz"
  "version" "5.0.0"

"select@^1.1.2":
  "integrity" "sha512-OwpTSOfy6xSs1+pwcNrv0RBMOzI39Lp3qQKUTPVVPRjCdNa5JH/oPRiqsesIskK8TVgmRiHwO4KXlV2Li9dANA=="
  "resolved" "https://registry.npmjs.org/select/-/select-1.1.2.tgz"
  "version" "1.1.2"

"tiny-emitter@^2.0.0":
  "integrity" "sha512-NB6Dk1A9xgQPMoGqC5CVXn123gWyte215ONT5Pp5a0yt4nlEoO1ZWeCwpncaekPHXO60i47ihFnZPiRPjRMq4Q=="
  "resolved" "https://registry.npmjs.org/tiny-emitter/-/tiny-emitter-2.1.0.tgz"
  "version" "2.1.0"

"tippy.js@^6.3.7":
  "integrity" "sha512-E1d3oP2emgJ9dRQZdf3Kkn0qJgI6ZLpyS5z6ZkY1DF3kaQaBsGZsndEpHwx+eC+tYM41HaSNvNtLx8tU57FzTQ=="
  "resolved" "https://registry.npmjs.org/tippy.js/-/tippy.js-6.3.7.tgz"
  "version" "6.3.7"
  dependencies:
    "@popperjs/core" "^2.9.0"
