# THIS IS AN AUTOGENERATED FILE. DO NOT EDIT THIS FILE DIRECTLY.
# yarn lockfile v1


"@fortawesome/fontawesome-free@^6.2.0":
  version "6.2.0"
  resolved "https://registry.yarnpkg.com/@fortawesome/fontawesome-free/-/fontawesome-free-6.2.0.tgz#ba3510825b332816fe7190f28827f8cb33a298b5"
  integrity sha512-CNR7qRIfCwWHNN7FnKUniva94edPdyQzil/zCwk3v6k4R6rR2Fr8i4s3PM7n/lyfPA6Zfko9z5WDzFxG9SW1uQ==

"@popperjs/core@^2.11.6":
  version "2.11.6"
  resolved "https://registry.yarnpkg.com/@popperjs/core/-/core-2.11.6.tgz#cee20bd55e68a1720bdab363ecf0c821ded4cd45"
  integrity sha512-50/17A98tWUfQ176raKiOGXuYpLyyVMkxxG6oylzL3BPOlA6ADGdK7EYunSa4I064xerltq9TGXs8HmOk5E+vw==

animate.css@^4.1.1:
  version "4.1.1"
  resolved "https://registry.yarnpkg.com/animate.css/-/animate.css-4.1.1.tgz#614ec5a81131d7e4dc362a58143f7406abd68075"
  integrity sha512-+mRmCTv6SbCmtYJCN4faJMNFVNN5EuCTTprDTAo7YzIGji2KADmakjVA3+8mVDkZ2Bf09vayB35lSQIex2+QaQ==

bootstrap-icons@^1.9.1:
  version "1.9.1"
  resolved "https://registry.yarnpkg.com/bootstrap-icons/-/bootstrap-icons-1.9.1.tgz#cf22d91a25447645e45c49ebde4e56eafdfe761b"
  integrity sha512-d4ZkO30MIkAhQ2nNRJqKXJVEQorALGbLWTuRxyCTJF96lRIV6imcgMehWGJUiJMJhglN0o2tqLIeDnMdiQEE9g==

bootstrap-table@^1.22.1:
  version "1.22.1"
  resolved "https://registry.yarnpkg.com/bootstrap-table/-/bootstrap-table-1.22.1.tgz#78f9172b3d665ab8d6e9246aa4abeca4c169de90"
  integrity sha512-Nw8p+BmaiMDSfoer/p49YeI3vJQAWhudxhyKMuqnJBb3NRvCRewMk7JDgiN9SQO3YeSejOirKtcdWpM0dtddWg==

bootstrap@^5.2.1:
  version "5.3.0"
  resolved "https://registry.yarnpkg.com/bootstrap/-/bootstrap-5.3.0.tgz#0718a7cc29040ee8dbf1bd652b896f3436a87c29"
  integrity sha512-UnBV3E3v4STVNQdms6jSGO2CvOkjUMdDAVR2V5N4uCMdaIkaQjbcEAMqRimDHIs4uqBYzDAKCQwCB+97tJgHQw==

chart.js@3.9.1:
  version "3.9.1"
  resolved "https://registry.yarnpkg.com/chart.js/-/chart.js-3.9.1.tgz#3abf2c775169c4c71217a107163ac708515924b8"
  integrity sha512-Ro2JbLmvg83gXF5F4sniaQ+lTbSv18E+TIf2cOeiH1Iqd2PGFOtem+DUufMZsCJwFE7ywPOpfXFBwRTGq7dh6w==

clipboard@^2.0.11:
  version "2.0.11"
  resolved "https://registry.yarnpkg.com/clipboard/-/clipboard-2.0.11.tgz#62180360b97dd668b6b3a84ec226975762a70be5"
  integrity sha512-C+0bbOqkezLIsmWSvlsXS0Q0bmkugu7jcfMIACB+RDEntIzQIkdr148we28AfSloQLRdZlYL/QYyrq05j/3Faw==
  dependencies:
    good-listener "^1.2.2"
    select "^1.1.2"
    tiny-emitter "^2.0.0"

delegate@^3.1.2:
  version "3.2.0"
  resolved "https://registry.yarnpkg.com/delegate/-/delegate-3.2.0.tgz#b66b71c3158522e8ab5744f720d8ca0c2af59166"
  integrity sha512-IofjkYBZaZivn0V8nnsMJGBr4jVLxHDheKSW88PyxS5QC4Vo9ZbZVvhzlSxY87fVq3STR6r+4cGepyHkcWOQSw==

good-listener@^1.2.2:
  version "1.2.2"
  resolved "https://registry.yarnpkg.com/good-listener/-/good-listener-1.2.2.tgz#d53b30cdf9313dffb7dc9a0d477096aa6d145c50"
  integrity sha512-goW1b+d9q/HIwbVYZzZ6SsTr4IgE+WA44A0GmPIQstuOrgsFcT7VEJ48nmr9GaRtNu0XTKacFLGnBPAM6Afouw==
  dependencies:
    delegate "^3.1.2"

hover.css@^2.3.2:
  version "2.3.2"
  resolved "https://registry.yarnpkg.com/hover.css/-/hover.css-2.3.2.tgz#f07193d9c7409d4e395134d3b2215b99eb55e0d3"
  integrity sha512-eXch700vfcoSSAcEcU154lTHBYQy2cjGT+yJZtkKWxASBBiPVkqYOdMAa0sz4cYj2YIrl1FRE2s5O4EgOaIpig==

htmx.org@^1.9.2:
  version "1.9.2"
  resolved "https://registry.yarnpkg.com/htmx.org/-/htmx.org-1.9.2.tgz#8850ed8895108eee46c2b4c2f70beb524fe54f3b"
  integrity sha512-ZGbucKcalQyXdGUl+4Zt3xdRDPmNy70yNhMyDG1eDYUm/ImxmSo2rhIBDa53XitrAVhA+/CGgry+wJ1SO77wrA==

jquery@^3.6.1:
  version "3.6.1"
  resolved "https://registry.yarnpkg.com/jquery/-/jquery-3.6.1.tgz#fab0408f8b45fc19f956205773b62b292c147a16"
  integrity sha512-opJeO4nCucVnsjiXOE+/PcCgYw9Gwpvs/a6B1LL/lQhwWwpbVEVYDZ1FokFr8PRc7ghYlrFPuyHuiiDNTQxmcw==

mdb-ui-kit@^5.0.0:
  version "5.0.0"
  resolved "https://registry.yarnpkg.com/mdb-ui-kit/-/mdb-ui-kit-5.0.0.tgz#1811be3bfbcf8969e6d121adc0412092caa5f83b"
  integrity sha512-zRq6aDxjhIXHmpcHjnlXZ+rs9/e9oAf5EsbVKsf3sEf2S3ov4uecgJj3ZqxAgKJb9bnKcBTsOdDu+SdLotFa9g==

select@^1.1.2:
  version "1.1.2"
  resolved "https://registry.yarnpkg.com/select/-/select-1.1.2.tgz#0e7350acdec80b1108528786ec1d4418d11b396d"
  integrity sha512-OwpTSOfy6xSs1+pwcNrv0RBMOzI39Lp3qQKUTPVVPRjCdNa5JH/oPRiqsesIskK8TVgmRiHwO4KXlV2Li9dANA==

tiny-emitter@^2.0.0:
  version "2.1.0"
  resolved "https://registry.yarnpkg.com/tiny-emitter/-/tiny-emitter-2.1.0.tgz#1d1a56edfc51c43e863cbb5382a72330e3555423"
  integrity sha512-NB6Dk1A9xgQPMoGqC5CVXn123gWyte215ONT5Pp5a0yt4nlEoO1ZWeCwpncaekPHXO60i47ihFnZPiRPjRMq4Q==
